
Microsoft Visual Studio Solution File, Format Version 12.00
# Visual Studio Version 16
VisualStudioVersion = 16.0.31129.286
MinimumVisualStudioVersion = 10.0.40219.1
Project("{FAE04EC0-301F-11D3-BF4B-00C04F79EFBC}") = "MvcProjeKampı", "MvcProjeKampı\MvcProjeKampı.csproj", "{EA1D51D1-6B8F-4311-A577-EE9E6AB4324A}"
EndProject
Project("{FAE04EC0-301F-11D3-BF4B-00C04F79EFBC}") = "EntityLayer", "EntityLayer\EntityLayer.csproj", "{2B1388DB-C011-4DF5-80BD-D46556CB4130}"
EndProject
Project("{FAE04EC0-301F-11D3-BF4B-00C04F79EFBC}") = "DataAccessLayer", "DataAccessLayer\DataAccessLayer.csproj", "{53316225-4490-4D20-A0D5-1403A697BA58}"
EndProject
Project("{FAE04EC0-301F-11D3-BF4B-00C04F79EFBC}") = "BusinessLayer", "BusinessLayer\BusinessLayer.csproj", "{E036209F-39A6-46E6-823C-9711C19BA80F}"
EndProject
Global
	GlobalSection(SolutionConfigurationPlatforms) = preSolution
		Debug|Any CPU = Debug|Any CPU
		Release|Any CPU = Release|Any CPU
	EndGlobalSection
	GlobalSection(ProjectConfigurationPlatforms) = postSolution
		{EA1D51D1-6B8F-4311-A577-EE9E6AB4324A}.Debug|Any CPU.ActiveCfg = Debug|Any CPU
		{EA1D51D1-6B8F-4311-A577-EE9E6AB4324A}.Debug|Any CPU.Build.0 = Debug|Any CPU
		{EA1D51D1-6B8F-4311-A577-EE9E6AB4324A}.Release|Any CPU.ActiveCfg = Release|Any CPU
		{EA1D51D1-6B8F-4311-A577-EE9E6AB4324A}.Release|Any CPU.Build.0 = Release|Any CPU
		{2B1388DB-C011-4DF5-80BD-D46556CB4130}.Debug|Any CPU.ActiveCfg = Debug|Any CPU
		{2B1388DB-C011-4DF5-80BD-D46556CB4130}.Debug|Any CPU.Build.0 = Debug|Any CPU
		{2B1388DB-C011-4DF5-80BD-D46556CB4130}.Release|Any CPU.ActiveCfg = Release|Any CPU
		{2B1388DB-C011-4DF5-80BD-D46556CB4130}.Release|Any CPU.Build.0 = Release|Any CPU
		{53316225-4490-4D20-A0D5-1403A697BA58}.Debug|Any CPU.ActiveCfg = Debug|Any CPU
		{53316225-4490-4D20-A0D5-1403A697BA58}.Debug|Any CPU.Build.0 = Debug|Any CPU
		{53316225-4490-4D20-A0D5-1403A697BA58}.Release|Any CPU.ActiveCfg = Release|Any CPU
		{53316225-4490-4D20-A0D5-1403A697BA58}.Release|Any CPU.Build.0 = Release|Any CPU
		{E036209F-39A6-46E6-823C-9711C19BA80F}.Debug|Any CPU.ActiveCfg = Debug|Any CPU
		{E036209F-39A6-46E6-823C-9711C19BA80F}.Debug|Any CPU.Build.0 = Debug|Any CPU
		{E036209F-39A6-46E6-823C-9711C19BA80F}.Release|Any CPU.ActiveCfg = Release|Any CPU
		{E036209F-39A6-46E6-823C-9711C19BA80F}.Release|Any CPU.Build.0 = Release|Any CPU
	EndGlobalSection
	GlobalSection(SolutionProperties) = preSolution
		HideSolutionNode = FALSE
	EndGlobalSection
	GlobalSection(ExtensibilityGlobals) = postSolution
		SolutionGuid = {85E22465-DC77-48DE-9C8C-B8BF2D8ED2EA}
	EndGlobalSection
EndGlobal
